
Microsoft Visual Studio Solution File, Format Version 12.00
Project("{FAE04EC0-301F-11D3-BF4B-00C04F79EFBC}") = "hStates", "hStates.csproj", "{8D5DF069-2179-42BD-8F41-7BD0F08CE16E}"
EndProject
Project("{FAE04EC0-301F-11D3-BF4B-00C04F79EFBC}") = "tests", "tests\tests.csproj", "{8E5716D3-D7BD-465D-8D5A-27FA178F0091}"
EndProject
Global
	GlobalSection(SolutionConfigurationPlatforms) = preSolution
		Debug|Any CPU = Debug|Any CPU
		Release|Any CPU = Release|Any CPU
	EndGlobalSection
	GlobalSection(ProjectConfigurationPlatforms) = postSolution
		{8D5DF069-2179-42BD-8F41-7BD0F08CE16E}.Debug|Any CPU.ActiveCfg = Debug|Any CPU
		{8D5DF069-2179-42BD-8F41-7BD0F08CE16E}.Debug|Any CPU.Build.0 = Debug|Any CPU
		{8D5DF069-2179-42BD-8F41-7BD0F08CE16E}.Release|Any CPU.ActiveCfg = Release|Any CPU
		{8D5DF069-2179-42BD-8F41-7BD0F08CE16E}.Release|Any CPU.Build.0 = Release|Any CPU
		{8E5716D3-D7BD-465D-8D5A-27FA178F0091}.Debug|Any CPU.ActiveCfg = Debug|Any CPU
		{8E5716D3-D7BD-465D-8D5A-27FA178F0091}.Debug|Any CPU.Build.0 = Debug|Any CPU
		{8E5716D3-D7BD-465D-8D5A-27FA178F0091}.Release|Any CPU.ActiveCfg = Release|Any CPU
		{8E5716D3-D7BD-465D-8D5A-27FA178F0091}.Release|Any CPU.Build.0 = Release|Any CPU
	EndGlobalSection
EndGlobal
